
Microsoft Visual Studio Solution File, Format Version 12.00
# Visual Studio 15
VisualStudioVersion = 15.0.28307.168
MinimumVisualStudioVersion = 10.0.40219.1
Project("{FAE04EC0-301F-11D3-BF4B-00C04F79EFBC}") = "Sap2000.ExampleCode", "Sap2000.ExampleCode\Sap2000.ExampleCode.csproj", "{1BB43290-7D2D-49B8-8CDC-578A8B2C0BEF}"
EndProject
Global
	GlobalSection(SolutionConfigurationPlatforms) = preSolution
		Debug|Any CPU = Debug|Any CPU
		Release|Any CPU = Release|Any CPU
	EndGlobalSection
	GlobalSection(ProjectConfigurationPlatforms) = postSolution
		{1BB43290-7D2D-49B8-8CDC-578A8B2C0BEF}.Debug|Any CPU.ActiveCfg = Debug|Any CPU
		{1BB43290-7D2D-49B8-8CDC-578A8B2C0BEF}.Debug|Any CPU.Build.0 = Debug|Any CPU
		{1BB43290-7D2D-49B8-8CDC-578A8B2C0BEF}.Release|Any CPU.ActiveCfg = Release|Any CPU
		{1BB43290-7D2D-49B8-8CDC-578A8B2C0BEF}.Release|Any CPU.Build.0 = Release|Any CPU
	EndGlobalSection
	GlobalSection(SolutionProperties) = preSolution
		HideSolutionNode = FALSE
	EndGlobalSection
	GlobalSection(ExtensibilityGlobals) = postSolution
		SolutionGuid = {436EB727-B1E4-4E27-9E40-F2255D27FADA}
	EndGlobalSection
EndGlobal
